// !$*UTF8*$!
{
	archiveVersion = 1;
	classes = {
	};
	objectVersion = 46;
	objects = {

/* Begin PBXBuildFile section */
		4E9365F8199E15BC00107C7E /* squarePNG.png in Resources */ = {isa = PBXBuildFile; fileRef = 4E9365F7199E15BC00107C7E /* squarePNG.png */; };
		4E9365FA199E540600107C7E /* ImageIO.framework in Frameworks */ = {isa = PBXBuildFile; fileRef = 4E9365F9199E540600107C7E /* ImageIO.framework */; };
		4E9365FC199E540E00107C7E /* QuartzCore.framework in Frameworks */ = {isa = PBXBuildFile; fileRef = 4E9365FB199E540E00107C7E /* QuartzCore.framework */; };
		4E9365FE199E541900107C7E /* CoreMedia.framework in Frameworks */ = {isa = PBXBuildFile; fileRef = 4E9365FD199E541900107C7E /* CoreMedia.framework */; };
		4E936600199E542200107C7E /* AssetsLibrary.framework in Frameworks */ = {isa = PBXBuildFile; fileRef = 4E9365FF199E542200107C7E /* AssetsLibrary.framework */; };
		4E936602199E542B00107C7E /* CoreImage.framework in Frameworks */ = {isa = PBXBuildFile; fileRef = 4E936601199E542B00107C7E /* CoreImage.framework */; };
		4E936604199E543200107C7E /* AVFoundation.framework in Frameworks */ = {isa = PBXBuildFile; fileRef = 4E936603199E543200107C7E /* AVFoundation.framework */; };
		4E936606199E543700107C7E /* CoreVideo.framework in Frameworks */ = {isa = PBXBuildFile; fileRef = 4E936605199E543700107C7E /* CoreVideo.framework */; };
		4EA02B01199CE46B00937E34 /* Foundation.framework in Frameworks */ = {isa = PBXBuildFile; fileRef = 4EA02B00199CE46B00937E34 /* Foundation.framework */; };
		4EA02B03199CE46B00937E34 /* CoreGraphics.framework in Frameworks */ = {isa = PBXBuildFile; fileRef = 4EA02B02199CE46B00937E34 /* CoreGraphics.framework */; };
		4EA02B05199CE46B00937E34 /* UIKit.framework in Frameworks */ = {isa = PBXBuildFile; fileRef = 4EA02B04199CE46B00937E34 /* UIKit.framework */; };
		4EA02B0B199CE46B00937E34 /* InfoPlist.strings in Resources */ = {isa = PBXBuildFile; fileRef = 4EA02B09199CE46B00937E34 /* InfoPlist.strings */; };
		4EA02B0D199CE46B00937E34 /* main.m in Sources */ = {isa = PBXBuildFile; fileRef = 4EA02B0C199CE46B00937E34 /* main.m */; };
		4EA02B11199CE46B00937E34 /* BIDAppDelegate.m in Sources */ = {isa = PBXBuildFile; fileRef = 4EA02B10199CE46B00937E34 /* BIDAppDelegate.m */; };
		4EA02B14199CE46B00937E34 /* Main.storyboard in Resources */ = {isa = PBXBuildFile; fileRef = 4EA02B12199CE46B00937E34 /* Main.storyboard */; };
		4EA02B17199CE46B00937E34 /* BIDViewController.m in Sources */ = {isa = PBXBuildFile; fileRef = 4EA02B16199CE46B00937E34 /* BIDViewController.m */; };
		4EA02B19199CE46B00937E34 /* Images.xcassets in Resources */ = {isa = PBXBuildFile; fileRef = 4EA02B18199CE46B00937E34 /* Images.xcassets */; };
		4EA02B20199CE46B00937E34 /* XCTest.framework in Frameworks */ = {isa = PBXBuildFile; fileRef = 4EA02B1F199CE46B00937E34 /* XCTest.framework */; };
		4EA02B21199CE46B00937E34 /* Foundation.framework in Frameworks */ = {isa = PBXBuildFile; fileRef = 4EA02B00199CE46B00937E34 /* Foundation.framework */; };
		4EA02B22199CE46B00937E34 /* UIKit.framework in Frameworks */ = {isa = PBXBuildFile; fileRef = 4EA02B04199CE46B00937E34 /* UIKit.framework */; };
		4EA02B2A199CE46B00937E34 /* InfoPlist.strings in Resources */ = {isa = PBXBuildFile; fileRef = 4EA02B28199CE46B00937E34 /* InfoPlist.strings */; };
		4EA02B2C199CE46B00937E34 /* SayCheeseTests.m in Sources */ = {isa = PBXBuildFile; fileRef = 4EA02B2B199CE46B00937E34 /* SayCheeseTests.m */; };
/* End PBXBuildFile section */

/* Begin PBXContainerItemProxy section */
		4EA02B23199CE46B00937E34 /* PBXContainerItemProxy */ = {
			isa = PBXContainerItemProxy;
			containerPortal = 4EA02AF5199CE46B00937E34 /* Project object */;
			proxyType = 1;
			remoteGlobalIDString = 4EA02AFC199CE46B00937E34;
			remoteInfo = SayCheese;
		};
/* End PBXContainerItemProxy section */

/* Begin PBXFileReference section */
		4E9365F7199E15BC00107C7E /* squarePNG.png */ = {isa = PBXFileReference; lastKnownFileType = image.png; path = squarePNG.png; sourceTree = "<group>"; };
		4E9365F9199E540600107C7E /* ImageIO.framework */ = {isa = PBXFileReference; lastKnownFileType = wrapper.framework; name = ImageIO.framework; path = System/Library/Frameworks/ImageIO.framework; sourceTree = SDKROOT; };
		4E9365FB199E540E00107C7E /* QuartzCore.framework */ = {isa = PBXFileReference; lastKnownFileType = wrapper.framework; name = QuartzCore.framework; path = System/Library/Frameworks/QuartzCore.framework; sourceTree = SDKROOT; };
		4E9365FD199E541900107C7E /* CoreMedia.framework */ = {isa = PBXFileReference; lastKnownFileType = wrapper.framework; name = CoreMedia.framework; path = System/Library/Frameworks/CoreMedia.framework; sourceTree = SDKROOT; };
		4E9365FF199E542200107C7E /* AssetsLibrary.framework */ = {isa = PBXFileReference; lastKnownFileType = wrapper.framework; name = AssetsLibrary.framework; path = System/Library/Frameworks/AssetsLibrary.framework; sourceTree = SDKROOT; };
		4E936601199E542B00107C7E /* CoreImage.framework */ = {isa = PBXFileReference; lastKnownFileType = wrapper.framework; name = CoreImage.framework; path = System/Library/Frameworks/CoreImage.framework; sourceTree = SDKROOT; };
		4E936603199E543200107C7E /* AVFoundation.framework */ = {isa = PBXFileReference; lastKnownFileType = wrapper.framework; name = AVFoundation.framework; path = System/Library/Frameworks/AVFoundation.framework; sourceTree = SDKROOT; };
		4E936605199E543700107C7E /* CoreVideo.framework */ = {isa = PBXFileReference; lastKnownFileType = wrapper.framework; name = CoreVideo.framework; path = System/Library/Frameworks/CoreVideo.framework; sourceTree = SDKROOT; };
		4EA02AFD199CE46B00937E34 /* SayCheese.app */ = {isa = PBXFileReference; explicitFileType = wrapper.application; includeInIndex = 0; path = SayCheese.app; sourceTree = BUILT_PRODUCTS_DIR; };
		4EA02B00199CE46B00937E34 /* Foundation.framework */ = {isa = PBXFileReference; lastKnownFileType = wrapper.framework; name = Foundation.framework; path = System/Library/Frameworks/Foundation.framework; sourceTree = SDKROOT; };
		4EA02B02199CE46B00937E34 /* CoreGraphics.framework */ = {isa = PBXFileReference; lastKnownFileType = wrapper.framework; name = CoreGraphics.framework; path = System/Library/Frameworks/CoreGraphics.framework; sourceTree = SDKROOT; };
		4EA02B04199CE46B00937E34 /* UIKit.framework */ = {isa = PBXFileReference; lastKnownFileType = wrapper.framework; name = UIKit.framework; path = System/Library/Frameworks/UIKit.framework; sourceTree = SDKROOT; };
		4EA02B08199CE46B00937E34 /* SayCheese-Info.plist */ = {isa = PBXFileReference; lastKnownFileType = text.plist.xml; path = "SayCheese-Info.plist"; sourceTree = "<group>"; };
		4EA02B0A199CE46B00937E34 /* en */ = {isa = PBXFileReference; lastKnownFileType = text.plist.strings; name = en; path = en.lproj/InfoPlist.strings; sourceTree = "<group>"; };
		4EA02B0C199CE46B00937E34 /* main.m */ = {isa = PBXFileReference; lastKnownFileType = sourcecode.c.objc; path = main.m; sourceTree = "<group>"; };
		4EA02B0E199CE46B00937E34 /* SayCheese-Prefix.pch */ = {isa = PBXFileReference; lastKnownFileType = sourcecode.c.h; path = "SayCheese-Prefix.pch"; sourceTree = "<group>"; };
		4EA02B0F199CE46B00937E34 /* BIDAppDelegate.h */ = {isa = PBXFileReference; lastKnownFileType = sourcecode.c.h; path = BIDAppDelegate.h; sourceTree = "<group>"; };
		4EA02B10199CE46B00937E34 /* BIDAppDelegate.m */ = {isa = PBXFileReference; lastKnownFileType = sourcecode.c.objc; path = BIDAppDelegate.m; sourceTree = "<group>"; };
		4EA02B13199CE46B00937E34 /* Base */ = {isa = PBXFileReference; lastKnownFileType = file.storyboard; name = Base; path = Base.lproj/Main.storyboard; sourceTree = "<group>"; };
		4EA02B15199CE46B00937E34 /* BIDViewController.h */ = {isa = PBXFileReference; lastKnownFileType = sourcecode.c.h; path = BIDViewController.h; sourceTree = "<group>"; };
		4EA02B16199CE46B00937E34 /* BIDViewController.m */ = {isa = PBXFileReference; lastKnownFileType = sourcecode.c.objc; path = BIDViewController.m; sourceTree = "<group>"; };
		4EA02B18199CE46B00937E34 /* Images.xcassets */ = {isa = PBXFileReference; lastKnownFileType = folder.assetcatalog; path = Images.xcassets; sourceTree = "<group>"; };
		4EA02B1E199CE46B00937E34 /* SayCheeseTests.xctest */ = {isa = PBXFileReference; explicitFileType = wrapper.cfbundle; includeInIndex = 0; path = SayCheeseTests.xctest; sourceTree = BUILT_PRODUCTS_DIR; };
		4EA02B1F199CE46B00937E34 /* XCTest.framework */ = {isa = PBXFileReference; lastKnownFileType = wrapper.framework; name = XCTest.framework; path = Library/Frameworks/XCTest.framework; sourceTree = DEVELOPER_DIR; };
		4EA02B27199CE46B00937E34 /* SayCheeseTests-Info.plist */ = {isa = PBXFileReference; lastKnownFileType = text.plist.xml; path = "SayCheeseTests-Info.plist"; sourceTree = "<group>"; };
		4EA02B29199CE46B00937E34 /* en */ = {isa = PBXFileReference; lastKnownFileType = text.plist.strings; name = en; path = en.lproj/InfoPlist.strings; sourceTree = "<group>"; };
		4EA02B2B199CE46B00937E34 /* SayCheeseTests.m */ = {isa = PBXFileReference; lastKnownFileType = sourcecode.c.objc; path = SayCheeseTests.m; sourceTree = "<group>"; };
/* End PBXFileReference section */

/* Begin PBXFrameworksBuildPhase section */
		4EA02AFA199CE46B00937E34 /* Frameworks */ = {
			isa = PBXFrameworksBuildPhase;
			buildActionMask = 2147483647;
			files = (
				4EA02B05199CE46B00937E34 /* UIKit.framework in Frameworks */,
				4E936606199E543700107C7E /* CoreVideo.framework in Frameworks */,
				4E936604199E543200107C7E /* AVFoundation.framework in Frameworks */,
				4E936602199E542B00107C7E /* CoreImage.framework in Frameworks */,
				4E936600199E542200107C7E /* AssetsLibrary.framework in Frameworks */,
				4E9365FE199E541900107C7E /* CoreMedia.framework in Frameworks */,
				4E9365FC199E540E00107C7E /* QuartzCore.framework in Frameworks */,
				4E9365FA199E540600107C7E /* ImageIO.framework in Frameworks */,
				4EA02B03199CE46B00937E34 /* CoreGraphics.framework in Frameworks */,
				4EA02B01199CE46B00937E34 /* Foundation.framework in Frameworks */,
			);
			runOnlyForDeploymentPostprocessing = 0;
		};
		4EA02B1B199CE46B00937E34 /* Frameworks */ = {
			isa = PBXFrameworksBuildPhase;
			buildActionMask = 2147483647;
			files = (
				4EA02B20199CE46B00937E34 /* XCTest.framework in Frameworks */,
				4EA02B22199CE46B00937E34 /* UIKit.framework in Frameworks */,
				4EA02B21199CE46B00937E34 /* Foundation.framework in Frameworks */,
			);
			runOnlyForDeploymentPostprocessing = 0;
		};
/* End PBXFrameworksBuildPhase section */

/* Begin PBXGroup section */
		4EA02AF4199CE46B00937E34 = {
			isa = PBXGroup;
			children = (
				4EA02B06199CE46B00937E34 /* SayCheese */,
				4EA02B25199CE46B00937E34 /* SayCheeseTests */,
				4EA02AFF199CE46B00937E34 /* Frameworks */,
				4EA02AFE199CE46B00937E34 /* Products */,
			);
			sourceTree = "<group>";
		};
		4EA02AFE199CE46B00937E34 /* Products */ = {
			isa = PBXGroup;
			children = (
				4EA02AFD199CE46B00937E34 /* SayCheese.app */,
				4EA02B1E199CE46B00937E34 /* SayCheeseTests.xctest */,
			);
			name = Products;
			sourceTree = "<group>";
		};
		4EA02AFF199CE46B00937E34 /* Frameworks */ = {
			isa = PBXGroup;
			children = (
				4E936605199E543700107C7E /* CoreVideo.framework */,
				4E936603199E543200107C7E /* AVFoundation.framework */,
				4E936601199E542B00107C7E /* CoreImage.framework */,
				4E9365FF199E542200107C7E /* AssetsLibrary.framework */,
				4E9365FD199E541900107C7E /* CoreMedia.framework */,
				4E9365FB199E540E00107C7E /* QuartzCore.framework */,
				4E9365F9199E540600107C7E /* ImageIO.framework */,
				4EA02B00199CE46B00937E34 /* Foundation.framework */,
				4EA02B02199CE46B00937E34 /* CoreGraphics.framework */,
				4EA02B04199CE46B00937E34 /* UIKit.framework */,
				4EA02B1F199CE46B00937E34 /* XCTest.framework */,
			);
			name = Frameworks;
			sourceTree = "<group>";
		};
		4EA02B06199CE46B00937E34 /* SayCheese */ = {
			isa = PBXGroup;
			children = (
				4EA02B0F199CE46B00937E34 /* BIDAppDelegate.h */,
				4EA02B10199CE46B00937E34 /* BIDAppDelegate.m */,
				4EA02B12199CE46B00937E34 /* Main.storyboard */,
				4EA02B15199CE46B00937E34 /* BIDViewController.h */,
				4EA02B16199CE46B00937E34 /* BIDViewController.m */,
				4EA02B18199CE46B00937E34 /* Images.xcassets */,
				4EA02B07199CE46B00937E34 /* Supporting Files */,
			);
			path = SayCheese;
			sourceTree = "<group>";
		};
		4EA02B07199CE46B00937E34 /* Supporting Files */ = {
			isa = PBXGroup;
			children = (
				4E9365F7199E15BC00107C7E /* squarePNG.png */,
				4EA02B08199CE46B00937E34 /* SayCheese-Info.plist */,
				4EA02B09199CE46B00937E34 /* InfoPlist.strings */,
				4EA02B0C199CE46B00937E34 /* main.m */,
				4EA02B0E199CE46B00937E34 /* SayCheese-Prefix.pch */,
			);
			name = "Supporting Files";
			sourceTree = "<group>";
		};
		4EA02B25199CE46B00937E34 /* SayCheeseTests */ = {
			isa = PBXGroup;
			children = (
				4EA02B2B199CE46B00937E34 /* SayCheeseTests.m */,
				4EA02B26199CE46B00937E34 /* Supporting Files */,
			);
			path = SayCheeseTests;
			sourceTree = "<group>";
		};
		4EA02B26199CE46B00937E34 /* Supporting Files */ = {
			isa = PBXGroup;
			children = (
				4EA02B27199CE46B00937E34 /* SayCheeseTests-Info.plist */,
				4EA02B28199CE46B00937E34 /* InfoPlist.strings */,
			);
			name = "Supporting Files";
			sourceTree = "<group>";
		};
/* End PBXGroup section */

/* Begin PBXNativeTarget section */
		4EA02AFC199CE46B00937E34 /* SayCheese */ = {
			isa = PBXNativeTarget;
			buildConfigurationList = 4EA02B2F199CE46B00937E34 /* Build configuration list for PBXNativeTarget "SayCheese" */;
			buildPhases = (
				4EA02AF9199CE46B00937E34 /* Sources */,
				4EA02AFA199CE46B00937E34 /* Frameworks */,
				4EA02AFB199CE46B00937E34 /* Resources */,
			);
			buildRules = (
			);
			dependencies = (
			);
			name = SayCheese;
			productName = SayCheese;
			productReference = 4EA02AFD199CE46B00937E34 /* SayCheese.app */;
			productType = "com.apple.product-type.application";
		};
		4EA02B1D199CE46B00937E34 /* SayCheeseTests */ = {
			isa = PBXNativeTarget;
			buildConfigurationList = 4EA02B32199CE46B00937E34 /* Build configuration list for PBXNativeTarget "SayCheeseTests" */;
			buildPhases = (
				4EA02B1A199CE46B00937E34 /* Sources */,
				4EA02B1B199CE46B00937E34 /* Frameworks */,
				4EA02B1C199CE46B00937E34 /* Resources */,
			);
			buildRules = (
			);
			dependencies = (
				4EA02B24199CE46B00937E34 /* PBXTargetDependency */,
			);
			name = SayCheeseTests;
			productName = SayCheeseTests;
			productReference = 4EA02B1E199CE46B00937E34 /* SayCheeseTests.xctest */;
			productType = "com.apple.product-type.bundle.unit-test";
		};
/* End PBXNativeTarget section */

/* Begin PBXProject section */
		4EA02AF5199CE46B00937E34 /* Project object */ = {
			isa = PBXProject;
			attributes = {
				CLASSPREFIX = BID;
				LastUpgradeCheck = 0510;
				TargetAttributes = {
					4EA02B1D199CE46B00937E34 = {
						TestTargetID = 4EA02AFC199CE46B00937E34;
					};
				};
			};
			buildConfigurationList = 4EA02AF8199CE46B00937E34 /* Build configuration list for PBXProject "SayCheese" */;
			compatibilityVersion = "Xcode 3.2";
			developmentRegion = English;
			hasScannedForEncodings = 0;
			knownRegions = (
				en,
				Base,
			);
			mainGroup = 4EA02AF4199CE46B00937E34;
			productRefGroup = 4EA02AFE199CE46B00937E34 /* Products */;
			projectDirPath = "";
			projectRoot = "";
			targets = (
				4EA02AFC199CE46B00937E34 /* SayCheese */,
				4EA02B1D199CE46B00937E34 /* SayCheeseTests */,
			);
		};
/* End PBXProject section */

/* Begin PBXResourcesBuildPhase section */
		4EA02AFB199CE46B00937E34 /* Resources */ = {
			isa = PBXResourcesBuildPhase;
			buildActionMask = 2147483647;
			files = (
				4EA02B19199CE46B00937E34 /* Images.xcassets in Resources */,
				4EA02B0B199CE46B00937E34 /* InfoPlist.strings in Resources */,
				4E9365F8199E15BC00107C7E /* squarePNG.png in Resources */,
				4EA02B14199CE46B00937E34 /* Main.storyboard in Resources */,
			);
			runOnlyForDeploymentPostprocessing = 0;
		};
		4EA02B1C199CE46B00937E34 /* Resources */ = {
			isa = PBXResourcesBuildPhase;
			buildActionMask = 2147483647;
			files = (
				4EA02B2A199CE46B00937E34 /* InfoPlist.strings in Resources */,
			);
			runOnlyForDeploymentPostprocessing = 0;
		};
/* End PBXResourcesBuildPhase section */

/* Begin PBXSourcesBuildPhase section */
		4EA02AF9199CE46B00937E34 /* Sources */ = {
			isa = PBXSourcesBuildPhase;
			buildActionMask = 2147483647;
			files = (
				4EA02B11199CE46B00937E34 /* BIDAppDelegate.m in Sources */,
				4EA02B17199CE46B00937E34 /* BIDViewController.m in Sources */,
				4EA02B0D199CE46B00937E34 /* main.m in Sources */,
			);
			runOnlyForDeploymentPostprocessing = 0;
		};
		4EA02B1A199CE46B00937E34 /* Sources */ = {
			isa = PBXSourcesBuildPhase;
			buildActionMask = 2147483647;
			files = (
				4EA02B2C199CE46B00937E34 /* SayCheeseTests.m in Sources */,
			);
			runOnlyForDeploymentPostprocessing = 0;
		};
/* End PBXSourcesBuildPhase section */

/* Begin PBXTargetDependency section */
		4EA02B24199CE46B00937E34 /* PBXTargetDependency */ = {
			isa = PBXTargetDependency;
			target = 4EA02AFC199CE46B00937E34 /* SayCheese */;
			targetProxy = 4EA02B23199CE46B00937E34 /* PBXContainerItemProxy */;
		};
/* End PBXTargetDependency section */

/* Begin PBXVariantGroup section */
		4EA02B09199CE46B00937E34 /* InfoPlist.strings */ = {
			isa = PBXVariantGroup;
			children = (
				4EA02B0A199CE46B00937E34 /* en */,
			);
			name = InfoPlist.strings;
			sourceTree = "<group>";
		};
		4EA02B12199CE46B00937E34 /* Main.storyboard */ = {
			isa = PBXVariantGroup;
			children = (
				4EA02B13199CE46B00937E34 /* Base */,
			);
			name = Main.storyboard;
			sourceTree = "<group>";
		};
		4EA02B28199CE46B00937E34 /* InfoPlist.strings */ = {
			isa = PBXVariantGroup;
			children = (
				4EA02B29199CE46B00937E34 /* en */,
			);
			name = InfoPlist.strings;
			sourceTree = "<group>";
		};
/* End PBXVariantGroup section */

/* Begin XCBuildConfiguration section */
		4EA02B2D199CE46B00937E34 /* Debug */ = {
			isa = XCBuildConfiguration;
			buildSettings = {
				ALWAYS_SEARCH_USER_PATHS = NO;
				CLANG_CXX_LANGUAGE_STANDARD = "gnu++0x";
				CLANG_CXX_LIBRARY = "libc++";
				CLANG_ENABLE_MODULES = YES;
				CLANG_ENABLE_OBJC_ARC = YES;
				CLANG_WARN_BOOL_CONVERSION = YES;
				CLANG_WARN_CONSTANT_CONVERSION = YES;
				CLANG_WARN_DIRECT_OBJC_ISA_USAGE = YES_ERROR;
				CLANG_WARN_EMPTY_BODY = YES;
				CLANG_WARN_ENUM_CONVERSION = YES;
				CLANG_WARN_INT_CONVERSION = YES;
				CLANG_WARN_OBJC_ROOT_CLASS = YES_ERROR;
				CLANG_WARN__DUPLICATE_METHOD_MATCH = YES;
				"CODE_SIGN_IDENTITY[sdk=iphoneos*]" = "iPhone Developer";
				COPY_PHASE_STRIP = NO;
				GCC_C_LANGUAGE_STANDARD = gnu99;
				GCC_DYNAMIC_NO_PIC = NO;
				GCC_OPTIMIZATION_LEVEL = 0;
				GCC_PREPROCESSOR_DEFINITIONS = (
					"DEBUG=1",
					"$(inherited)",
				);
				GCC_SYMBOLS_PRIVATE_EXTERN = NO;
				GCC_WARN_64_TO_32_BIT_CONVERSION = YES;
				GCC_WARN_ABOUT_RETURN_TYPE = YES_ERROR;
				GCC_WARN_UNDECLARED_SELECTOR = YES;
				GCC_WARN_UNINITIALIZED_AUTOS = YES_AGGRESSIVE;
				GCC_WARN_UNUSED_FUNCTION = YES;
				GCC_WARN_UNUSED_VARIABLE = YES;
				IPHONEOS_DEPLOYMENT_TARGET = 7.1;
				ONLY_ACTIVE_ARCH = YES;
				SDKROOT = iphoneos;
			};
			name = Debug;
		};
		4EA02B2E199CE46B00937E34 /* Release */ = {
			isa = XCBuildConfiguration;
			buildSettings = {
				ALWAYS_SEARCH_USER_PATHS = NO;
				CLANG_CXX_LANGUAGE_STANDARD = "gnu++0x";
				CLANG_CXX_LIBRARY = "libc++";
				CLANG_ENABLE_MODULES = YES;
				CLANG_ENABLE_OBJC_ARC = YES;
				CLANG_WARN_BOOL_CONVERSION = YES;
				CLANG_WARN_CONSTANT_CONVERSION = YES;
				CLANG_WARN_DIRECT_OBJC_ISA_USAGE = YES_ERROR;
				CLANG_WARN_EMPTY_BODY = YES;
				CLANG_WARN_ENUM_CONVERSION = YES;
				CLANG_WARN_INT_CONVERSION = YES;
				CLANG_WARN_OBJC_ROOT_CLASS = YES_ERROR;
				CLANG_WARN__DUPLICATE_METHOD_MATCH = YES;
				"CODE_SIGN_IDENTITY[sdk=iphoneos*]" = "iPhone Developer";
				COPY_PHASE_STRIP = YES;
				ENABLE_NS_ASSERTIONS = NO;
				GCC_C_LANGUAGE_STANDARD = gnu99;
				GCC_WARN_64_TO_32_BIT_CONVERSION = YES;
				GCC_WARN_ABOUT_RETURN_TYPE = YES_ERROR;
				GCC_WARN_UNDECLARED_SELECTOR = YES;
				GCC_WARN_UNINITIALIZED_AUTOS = YES_AGGRESSIVE;
				GCC_WARN_UNUSED_FUNCTION = YES;
				GCC_WARN_UNUSED_VARIABLE = YES;
				IPHONEOS_DEPLOYMENT_TARGET = 7.1;
				SDKROOT = iphoneos;
				VALIDATE_PRODUCT = YES;
			};
			name = Release;
		};
		4EA02B30199CE46B00937E34 /* Debug */ = {
			isa = XCBuildConfiguration;
			buildSettings = {
				ASSETCATALOG_COMPILER_APPICON_NAME = AppIcon;
				ASSETCATALOG_COMPILER_LAUNCHIMAGE_NAME = LaunchImage;
				CLANG_ENABLE_OBJC_ARC = NO;
				CODE_SIGN_IDENTITY = "iPhone Developer";
				GCC_PRECOMPILE_PREFIX_HEADER = YES;
				GCC_PREFIX_HEADER = "SayCheese/SayCheese-Prefix.pch";
				INFOPLIST_FILE = "SayCheese/SayCheese-Info.plist";
				IPHONEOS_DEPLOYMENT_TARGET = 7.0;
				PRODUCT_NAME = "$(TARGET_NAME)";
				WRAPPER_EXTENSION = app;
			};
			name = Debug;
		};
		4EA02B31199CE46B00937E34 /* Release */ = {
			isa = XCBuildConfiguration;
			buildSettings = {
				ASSETCATALOG_COMPILER_APPICON_NAME = AppIcon;
				ASSETCATALOG_COMPILER_LAUNCHIMAGE_NAME = LaunchImage;
				CLANG_ENABLE_OBJC_ARC = NO;
				CODE_SIGN_IDENTITY = "iPhone Developer";
				GCC_PRECOMPILE_PREFIX_HEADER = YES;
				GCC_PREFIX_HEADER = "SayCheese/SayCheese-Prefix.pch";
				INFOPLIST_FILE = "SayCheese/SayCheese-Info.plist";
				IPHONEOS_DEPLOYMENT_TARGET = 7.0;
				PRODUCT_NAME = "$(TARGET_NAME)";
				WRAPPER_EXTENSION = app;
			};
			name = Release;
		};
		4EA02B33199CE46B00937E34 /* Debug */ = {
			isa = XCBuildConfiguration;
			buildSettings = {
				BUNDLE_LOADER = "$(BUILT_PRODUCTS_DIR)/SayCheese.app/SayCheese";
				FRAMEWORK_SEARCH_PATHS = (
					"$(SDKROOT)/Developer/Library/Frameworks",
					"$(inherited)",
					"$(DEVELOPER_FRAMEWORKS_DIR)",
				);
				GCC_PRECOMPILE_PREFIX_HEADER = YES;
				GCC_PREFIX_HEADER = "SayCheese/SayCheese-Prefix.pch";
				GCC_PREPROCESSOR_DEFINITIONS = (
					"DEBUG=1",
					"$(inherited)",
				);
				INFOPLIST_FILE = "SayCheeseTests/SayCheeseTests-Info.plist";
				PRODUCT_NAME = "$(TARGET_NAME)";
				TEST_HOST = "$(BUNDLE_LOADER)";
				WRAPPER_EXTENSION = xctest;
			};
			name = Debug;
		};
		4EA02B34199CE46B00937E34 /* Release */ = {
			isa = XCBuildConfiguration;
			buildSettings = {
				BUNDLE_LOADER = "$(BUILT_PRODUCTS_DIR)/SayCheese.app/SayCheese";
				FRAMEWORK_SEARCH_PATHS = (
					"$(SDKROOT)/Developer/Library/Frameworks",
					"$(inherited)",
					"$(DEVELOPER_FRAMEWORKS_DIR)",
				);
				GCC_PRECOMPILE_PREFIX_HEADER = YES;
				GCC_PREFIX_HEADER = "SayCheese/SayCheese-Prefix.pch";
				INFOPLIST_FILE = "SayCheeseTests/SayCheeseTests-Info.plist";
				PRODUCT_NAME = "$(TARGET_NAME)";
				TEST_HOST = "$(BUNDLE_LOADER)";
				WRAPPER_EXTENSION = xctest;
			};
			name = Release;
		};
/* End XCBuildConfiguration section */

/* Begin XCConfigurationList section */
		4EA02AF8199CE46B00937E34 /* Build configuration list for PBXProject "SayCheese" */ = {
			isa = XCConfigurationList;
			buildConfigurations = (
				4EA02B2D199CE46B00937E34 /* Debug */,
				4EA02B2E199CE46B00937E34 /* Release */,
			);
			defaultConfigurationIsVisible = 0;
			defaultConfigurationName = Release;
		};
		4EA02B2F199CE46B00937E34 /* Build configuration list for PBXNativeTarget "SayCheese" */ = {
			isa = XCConfigurationList;
			buildConfigurations = (
				4EA02B30199CE46B00937E34 /* Debug */,
				4EA02B31199CE46B00937E34 /* Release */,
			);
			defaultConfigurationIsVisible = 0;
			defaultConfigurationName = Release;
		};
		4EA02B32199CE46B00937E34 /* Build configuration list for PBXNativeTarget "SayCheeseTests" */ = {
			isa = XCConfigurationList;
			buildConfigurations = (
				4EA02B33199CE46B00937E34 /* Debug */,
				4EA02B34199CE46B00937E34 /* Release */,
			);
			defaultConfigurationIsVisible = 0;
			defaultConfigurationName = Release;
		};
/* End XCConfigurationList section */
	};
	rootObject = 4EA02AF5199CE46B00937E34 /* Project object */;
}
